
Microsoft Visual Studio Solution File, Format Version 11.00
# Visual Studio 2010
Project("{FAE04EC0-301F-11D3-BF4B-00C04F79EFBC}") = "SourceTracker", "SourceTracker\SourceTracker.csproj", "{8B205A1B-4DE9-417B-BC59-495D97BBCBB4}"
EndProject
Project("{FAE04EC0-301F-11D3-BF4B-00C04F79EFBC}") = "SourceTracker.Tests", "SourceTracker.Tests\SourceTracker.Tests.csproj", "{290CC472-F2EE-460E-94D5-76F1B3C004E5}"
EndProject
Project("{2150E333-8FDC-42A3-9474-1A3956D46DE8}") = "Solution Items", "Solution Items", "{0FE2BA93-1BFE-40FC-86C8-A80F3F01EB56}"
	ProjectSection(SolutionItems) = preProject
		Local.testsettings = Local.testsettings
		SourceTracker.vsmdi = SourceTracker.vsmdi
		TraceAndTestImpact.testsettings = TraceAndTestImpact.testsettings
	EndProjectSection
EndProject
Global
	GlobalSection(TestCaseManagementSettings) = postSolution
		CategoryFile = SourceTracker.vsmdi
	EndGlobalSection
	GlobalSection(SolutionConfigurationPlatforms) = preSolution
		Debug|Any CPU = Debug|Any CPU
		Debug|Mixed Platforms = Debug|Mixed Platforms
		Debug|x86 = Debug|x86
		Release|Any CPU = Release|Any CPU
		Release|Mixed Platforms = Release|Mixed Platforms
		Release|x86 = Release|x86
	EndGlobalSection
	GlobalSection(ProjectConfigurationPlatforms) = postSolution
		{8B205A1B-4DE9-417B-BC59-495D97BBCBB4}.Debug|Any CPU.ActiveCfg = Debug|x86
		{8B205A1B-4DE9-417B-BC59-495D97BBCBB4}.Debug|Mixed Platforms.ActiveCfg = Debug|x86
		{8B205A1B-4DE9-417B-BC59-495D97BBCBB4}.Debug|Mixed Platforms.Build.0 = Debug|x86
		{8B205A1B-4DE9-417B-BC59-495D97BBCBB4}.Debug|x86.ActiveCfg = Debug|x86
		{8B205A1B-4DE9-417B-BC59-495D97BBCBB4}.Debug|x86.Build.0 = Debug|x86
		{8B205A1B-4DE9-417B-BC59-495D97BBCBB4}.Release|Any CPU.ActiveCfg = Release|x86
		{8B205A1B-4DE9-417B-BC59-495D97BBCBB4}.Release|Mixed Platforms.ActiveCfg = Release|x86
		{8B205A1B-4DE9-417B-BC59-495D97BBCBB4}.Release|Mixed Platforms.Build.0 = Release|x86
		{8B205A1B-4DE9-417B-BC59-495D97BBCBB4}.Release|x86.ActiveCfg = Release|x86
		{8B205A1B-4DE9-417B-BC59-495D97BBCBB4}.Release|x86.Build.0 = Release|x86
		{290CC472-F2EE-460E-94D5-76F1B3C004E5}.Debug|Any CPU.ActiveCfg = Debug|Any CPU
		{290CC472-F2EE-460E-94D5-76F1B3C004E5}.Debug|Any CPU.Build.0 = Debug|Any CPU
		{290CC472-F2EE-460E-94D5-76F1B3C004E5}.Debug|Mixed Platforms.ActiveCfg = Debug|Any CPU
		{290CC472-F2EE-460E-94D5-76F1B3C004E5}.Debug|Mixed Platforms.Build.0 = Debug|Any CPU
		{290CC472-F2EE-460E-94D5-76F1B3C004E5}.Debug|x86.ActiveCfg = Debug|Any CPU
		{290CC472-F2EE-460E-94D5-76F1B3C004E5}.Release|Any CPU.ActiveCfg = Release|Any CPU
		{290CC472-F2EE-460E-94D5-76F1B3C004E5}.Release|Any CPU.Build.0 = Release|Any CPU
		{290CC472-F2EE-460E-94D5-76F1B3C004E5}.Release|Mixed Platforms.ActiveCfg = Release|Any CPU
		{290CC472-F2EE-460E-94D5-76F1B3C004E5}.Release|Mixed Platforms.Build.0 = Release|Any CPU
		{290CC472-F2EE-460E-94D5-76F1B3C004E5}.Release|x86.ActiveCfg = Release|Any CPU
	EndGlobalSection
	GlobalSection(SolutionProperties) = preSolution
		HideSolutionNode = FALSE
	EndGlobalSection
EndGlobal
