
Microsoft Visual Studio Solution File, Format Version 10.00
# Visual Studio 2008
Project("{FAE04EC0-301F-11D3-BF4B-00C04F79EFBC}") = "Microsoft.StyleCop.CSharp.Rules", "Microsoft.StyleCop.CSharp.Rules_Source\Microsoft.StyleCop.CSharp.Rules.csproj", "{C9EB7129-8922-446A-927F-C88EA09E97D8}"
EndProject
Project("{FAE04EC0-301F-11D3-BF4B-00C04F79EFBC}") = "Microsoft.StyleCop.CSharp", "Microsoft.StyleCop.CSharp_Source\Microsoft.StyleCop.CSharp.csproj", "{122278F6-6774-4035-9B21-CC7DEF2B92A0}"
EndProject
Project("{FAE04EC0-301F-11D3-BF4B-00C04F79EFBC}") = "Microsoft.StyleCop", "Microsoft.StyleCop_Source\Microsoft.StyleCop.csproj", "{8D4AE619-B1F8-41B6-8145-03B3458BEC96}"
EndProject
Project("{FAE04EC0-301F-11D3-BF4B-00C04F79EFBC}") = "ConsoleApplication1", "ConsoleApplication1\ConsoleApplication1.csproj", "{CE37C937-7304-4D9D-8814-9AECFC56B37A}"
EndProject
Global
	GlobalSection(SolutionConfigurationPlatforms) = preSolution
		Debug|Any CPU = Debug|Any CPU
		Release|Any CPU = Release|Any CPU
	EndGlobalSection
	GlobalSection(ProjectConfigurationPlatforms) = postSolution
		{C9EB7129-8922-446A-927F-C88EA09E97D8}.Debug|Any CPU.ActiveCfg = Debug|Any CPU
		{C9EB7129-8922-446A-927F-C88EA09E97D8}.Debug|Any CPU.Build.0 = Debug|Any CPU
		{C9EB7129-8922-446A-927F-C88EA09E97D8}.Release|Any CPU.ActiveCfg = Release|Any CPU
		{C9EB7129-8922-446A-927F-C88EA09E97D8}.Release|Any CPU.Build.0 = Release|Any CPU
		{122278F6-6774-4035-9B21-CC7DEF2B92A0}.Debug|Any CPU.ActiveCfg = Debug|Any CPU
		{122278F6-6774-4035-9B21-CC7DEF2B92A0}.Debug|Any CPU.Build.0 = Debug|Any CPU
		{122278F6-6774-4035-9B21-CC7DEF2B92A0}.Release|Any CPU.ActiveCfg = Release|Any CPU
		{122278F6-6774-4035-9B21-CC7DEF2B92A0}.Release|Any CPU.Build.0 = Release|Any CPU
		{8D4AE619-B1F8-41B6-8145-03B3458BEC96}.Debug|Any CPU.ActiveCfg = Debug|Any CPU
		{8D4AE619-B1F8-41B6-8145-03B3458BEC96}.Debug|Any CPU.Build.0 = Debug|Any CPU
		{8D4AE619-B1F8-41B6-8145-03B3458BEC96}.Release|Any CPU.ActiveCfg = Release|Any CPU
		{8D4AE619-B1F8-41B6-8145-03B3458BEC96}.Release|Any CPU.Build.0 = Release|Any CPU
		{CE37C937-7304-4D9D-8814-9AECFC56B37A}.Debug|Any CPU.ActiveCfg = Debug|Any CPU
		{CE37C937-7304-4D9D-8814-9AECFC56B37A}.Debug|Any CPU.Build.0 = Debug|Any CPU
		{CE37C937-7304-4D9D-8814-9AECFC56B37A}.Release|Any CPU.ActiveCfg = Release|Any CPU
		{CE37C937-7304-4D9D-8814-9AECFC56B37A}.Release|Any CPU.Build.0 = Release|Any CPU
	EndGlobalSection
	GlobalSection(SolutionProperties) = preSolution
		HideSolutionNode = FALSE
	EndGlobalSection
EndGlobal
